
Microsoft Visual Studio Solution File, Format Version 12.00
# Visual Studio 2012
Project("{FAE04EC0-301F-11D3-BF4B-00C04F79EFBC}") = "ScreenCover", "ScreenCover\ScreenCover.csproj", "{326F555C-E422-4F71-B066-3589A63AA6CC}"
EndProject
Global
	GlobalSection(SolutionConfigurationPlatforms) = preSolution
		Debug|Any CPU = Debug|Any CPU
		Release|Any CPU = Release|Any CPU
	EndGlobalSection
	GlobalSection(ProjectConfigurationPlatforms) = postSolution
		{326F555C-E422-4F71-B066-3589A63AA6CC}.Debug|Any CPU.ActiveCfg = Debug|Any CPU
		{326F555C-E422-4F71-B066-3589A63AA6CC}.Debug|Any CPU.Build.0 = Debug|Any CPU
		{326F555C-E422-4F71-B066-3589A63AA6CC}.Release|Any CPU.ActiveCfg = Release|Any CPU
		{326F555C-E422-4F71-B066-3589A63AA6CC}.Release|Any CPU.Build.0 = Release|Any CPU
	EndGlobalSection
	GlobalSection(SolutionProperties) = preSolution
		HideSolutionNode = FALSE
	EndGlobalSection
EndGlobal
